
Microsoft Visual Studio Solution File, Format Version 12.00
# Visual Studio 15
VisualStudioVersion = 15.0.28010.2003
MinimumVisualStudioVersion = 10.0.40219.1
Project("{FAE04EC0-301F-11D3-BF4B-00C04F79EFBC}") = "Class.Data", "Class.Data\Class.Data.csproj", "{66974FDC-C4A4-4C5A-8116-5A943C15FD45}"
EndProject
Project("{FAE04EC0-301F-11D3-BF4B-00C04F79EFBC}") = "Class.Web", "Class.Web\Class.Web.csproj", "{886E6936-982C-4CC1-BB87-B0C4ECBEEF87}"
EndProject
Global
	GlobalSection(SolutionConfigurationPlatforms) = preSolution
		Debug|Any CPU = Debug|Any CPU
		Release|Any CPU = Release|Any CPU
	EndGlobalSection
	GlobalSection(ProjectConfigurationPlatforms) = postSolution
		{66974FDC-C4A4-4C5A-8116-5A943C15FD45}.Debug|Any CPU.ActiveCfg = Debug|Any CPU
		{66974FDC-C4A4-4C5A-8116-5A943C15FD45}.Debug|Any CPU.Build.0 = Debug|Any CPU
		{66974FDC-C4A4-4C5A-8116-5A943C15FD45}.Release|Any CPU.ActiveCfg = Release|Any CPU
		{66974FDC-C4A4-4C5A-8116-5A943C15FD45}.Release|Any CPU.Build.0 = Release|Any CPU
		{886E6936-982C-4CC1-BB87-B0C4ECBEEF87}.Debug|Any CPU.ActiveCfg = Debug|Any CPU
		{886E6936-982C-4CC1-BB87-B0C4ECBEEF87}.Debug|Any CPU.Build.0 = Debug|Any CPU
		{886E6936-982C-4CC1-BB87-B0C4ECBEEF87}.Release|Any CPU.ActiveCfg = Release|Any CPU
		{886E6936-982C-4CC1-BB87-B0C4ECBEEF87}.Release|Any CPU.Build.0 = Release|Any CPU
	EndGlobalSection
	GlobalSection(SolutionProperties) = preSolution
		HideSolutionNode = FALSE
	EndGlobalSection
	GlobalSection(ExtensibilityGlobals) = postSolution
		SolutionGuid = {54DE5E55-A824-4DE0-AEB1-E849B02CA257}
	EndGlobalSection
EndGlobal
